
Microsoft Visual Studio Solution File, Format Version 12.00
# Visual Studio Version 17
VisualStudioVersion = 17.9.34714.143
MinimumVisualStudioVersion = 10.0.40219.1
Project("{FAE04EC0-301F-11D3-BF4B-00C04F79EFBC}") = "MyFirstApp", "MyFirstApp\MyFirstApp.csproj", "{E433A8DB-38C4-4C86-8AFC-68EAC5D41866}"
EndProject
Global
	GlobalSection(SolutionConfigurationPlatforms) = preSolution
		Debug|Any CPU = Debug|Any CPU
		Release|Any CPU = Release|Any CPU
	EndGlobalSection
	GlobalSection(ProjectConfigurationPlatforms) = postSolution
		{E433A8DB-38C4-4C86-8AFC-68EAC5D41866}.Debug|Any CPU.ActiveCfg = Debug|Any CPU
		{E433A8DB-38C4-4C86-8AFC-68EAC5D41866}.Debug|Any CPU.Build.0 = Debug|Any CPU
		{E433A8DB-38C4-4C86-8AFC-68EAC5D41866}.Release|Any CPU.ActiveCfg = Release|Any CPU
		{E433A8DB-38C4-4C86-8AFC-68EAC5D41866}.Release|Any CPU.Build.0 = Release|Any CPU
	EndGlobalSection
	GlobalSection(SolutionProperties) = preSolution
		HideSolutionNode = FALSE
	EndGlobalSection
	GlobalSection(ExtensibilityGlobals) = postSolution
		SolutionGuid = {88A22FF7-1DD1-4D0D-8B0A-4DD7581C6010}
	EndGlobalSection
EndGlobal
